
Microsoft Visual Studio Solution File, Format Version 12.00
# Visual Studio 2013
VisualStudioVersion = 12.0.31101.0
MinimumVisualStudioVersion = 10.0.40219.1
Project("{FAE04EC0-301F-11D3-BF4B-00C04F79EFBC}") = "EscInstaller", "EscInstaller.csproj", "{0F13AB49-2595-472B-A7E0-D86A5C194553}"
EndProject
Project("{FAE04EC0-301F-11D3-BF4B-00C04F79EFBC}") = "Common", "..\ConnectionLibrary\Common.csproj", "{CAA7EB7F-4CA8-4A0F-A3C0-0DA99182CE43}"
EndProject
Project("{FAE04EC0-301F-11D3-BF4B-00C04F79EFBC}") = "CommonTests", "..\ConnectionLibrary\CommonTests\CommonTests.csproj", "{608F21CF-E756-4420-BAE2-61AB85DCE08E}"
EndProject
Global
	GlobalSection(SolutionConfigurationPlatforms) = preSolution
		Debug|Any CPU = Debug|Any CPU
		Debug|Mixed Platforms = Debug|Mixed Platforms
		Debug|x86 = Debug|x86
		MONITOR|Any CPU = MONITOR|Any CPU
		MONITOR|Mixed Platforms = MONITOR|Mixed Platforms
		MONITOR|x86 = MONITOR|x86
		MONITORING|Any CPU = MONITORING|Any CPU
		MONITORING|Mixed Platforms = MONITORING|Mixed Platforms
		MONITORING|x86 = MONITORING|x86
		Release|Any CPU = Release|Any CPU
		Release|Mixed Platforms = Release|Mixed Platforms
		Release|x86 = Release|x86
	EndGlobalSection
	GlobalSection(ProjectConfigurationPlatforms) = postSolution
		{0F13AB49-2595-472B-A7E0-D86A5C194553}.Debug|Any CPU.ActiveCfg = Debug|x86
		{0F13AB49-2595-472B-A7E0-D86A5C194553}.Debug|Mixed Platforms.ActiveCfg = Debug|x86
		{0F13AB49-2595-472B-A7E0-D86A5C194553}.Debug|Mixed Platforms.Build.0 = Debug|x86
		{0F13AB49-2595-472B-A7E0-D86A5C194553}.Debug|x86.ActiveCfg = Debug|x86
		{0F13AB49-2595-472B-A7E0-D86A5C194553}.Debug|x86.Build.0 = Debug|x86
		{0F13AB49-2595-472B-A7E0-D86A5C194553}.MONITOR|Any CPU.ActiveCfg = MONITOR|x86
		{0F13AB49-2595-472B-A7E0-D86A5C194553}.MONITOR|Mixed Platforms.ActiveCfg = MONITOR|x86
		{0F13AB49-2595-472B-A7E0-D86A5C194553}.MONITOR|Mixed Platforms.Build.0 = MONITOR|x86
		{0F13AB49-2595-472B-A7E0-D86A5C194553}.MONITOR|x86.ActiveCfg = MONITOR|x86
		{0F13AB49-2595-472B-A7E0-D86A5C194553}.MONITOR|x86.Build.0 = MONITOR|x86
		{0F13AB49-2595-472B-A7E0-D86A5C194553}.MONITORING|Any CPU.ActiveCfg = MONITORING|x86
		{0F13AB49-2595-472B-A7E0-D86A5C194553}.MONITORING|Mixed Platforms.ActiveCfg = MONITORING|x86
		{0F13AB49-2595-472B-A7E0-D86A5C194553}.MONITORING|Mixed Platforms.Build.0 = MONITORING|x86
		{0F13AB49-2595-472B-A7E0-D86A5C194553}.MONITORING|x86.ActiveCfg = MONITORING|x86
		{0F13AB49-2595-472B-A7E0-D86A5C194553}.MONITORING|x86.Build.0 = MONITORING|x86
		{0F13AB49-2595-472B-A7E0-D86A5C194553}.Release|Any CPU.ActiveCfg = Release|x86
		{0F13AB49-2595-472B-A7E0-D86A5C194553}.Release|Mixed Platforms.ActiveCfg = Release|x86
		{0F13AB49-2595-472B-A7E0-D86A5C194553}.Release|Mixed Platforms.Build.0 = Release|x86
		{0F13AB49-2595-472B-A7E0-D86A5C194553}.Release|x86.ActiveCfg = Release|x86
		{0F13AB49-2595-472B-A7E0-D86A5C194553}.Release|x86.Build.0 = Release|x86
		{CAA7EB7F-4CA8-4A0F-A3C0-0DA99182CE43}.Debug|Any CPU.ActiveCfg = Debug|Any CPU
		{CAA7EB7F-4CA8-4A0F-A3C0-0DA99182CE43}.Debug|Any CPU.Build.0 = Debug|Any CPU
		{CAA7EB7F-4CA8-4A0F-A3C0-0DA99182CE43}.Debug|Mixed Platforms.ActiveCfg = Debug|Any CPU
		{CAA7EB7F-4CA8-4A0F-A3C0-0DA99182CE43}.Debug|Mixed Platforms.Build.0 = Debug|Any CPU
		{CAA7EB7F-4CA8-4A0F-A3C0-0DA99182CE43}.Debug|x86.ActiveCfg = Debug|Any CPU
		{CAA7EB7F-4CA8-4A0F-A3C0-0DA99182CE43}.MONITOR|Any CPU.ActiveCfg = MONITOR|Any CPU
		{CAA7EB7F-4CA8-4A0F-A3C0-0DA99182CE43}.MONITOR|Any CPU.Build.0 = MONITOR|Any CPU
		{CAA7EB7F-4CA8-4A0F-A3C0-0DA99182CE43}.MONITOR|Mixed Platforms.ActiveCfg = MONITOR|Any CPU
		{CAA7EB7F-4CA8-4A0F-A3C0-0DA99182CE43}.MONITOR|Mixed Platforms.Build.0 = MONITOR|Any CPU
		{CAA7EB7F-4CA8-4A0F-A3C0-0DA99182CE43}.MONITOR|x86.ActiveCfg = MONITOR|Any CPU
		{CAA7EB7F-4CA8-4A0F-A3C0-0DA99182CE43}.MONITORING|Any CPU.ActiveCfg = MONITORING|Any CPU
		{CAA7EB7F-4CA8-4A0F-A3C0-0DA99182CE43}.MONITORING|Any CPU.Build.0 = MONITORING|Any CPU
		{CAA7EB7F-4CA8-4A0F-A3C0-0DA99182CE43}.MONITORING|Mixed Platforms.ActiveCfg = MONITORING|Any CPU
		{CAA7EB7F-4CA8-4A0F-A3C0-0DA99182CE43}.MONITORING|Mixed Platforms.Build.0 = MONITORING|Any CPU
		{CAA7EB7F-4CA8-4A0F-A3C0-0DA99182CE43}.MONITORING|x86.ActiveCfg = MONITORING|Any CPU
		{CAA7EB7F-4CA8-4A0F-A3C0-0DA99182CE43}.Release|Any CPU.ActiveCfg = Release|Any CPU
		{CAA7EB7F-4CA8-4A0F-A3C0-0DA99182CE43}.Release|Any CPU.Build.0 = Release|Any CPU
		{CAA7EB7F-4CA8-4A0F-A3C0-0DA99182CE43}.Release|Mixed Platforms.ActiveCfg = Release|Any CPU
		{CAA7EB7F-4CA8-4A0F-A3C0-0DA99182CE43}.Release|Mixed Platforms.Build.0 = Release|Any CPU
		{CAA7EB7F-4CA8-4A0F-A3C0-0DA99182CE43}.Release|x86.ActiveCfg = Release|Any CPU
		{608F21CF-E756-4420-BAE2-61AB85DCE08E}.Debug|Any CPU.ActiveCfg = Debug|Any CPU
		{608F21CF-E756-4420-BAE2-61AB85DCE08E}.Debug|Any CPU.Build.0 = Debug|Any CPU
		{608F21CF-E756-4420-BAE2-61AB85DCE08E}.Debug|Mixed Platforms.ActiveCfg = Debug|Any CPU
		{608F21CF-E756-4420-BAE2-61AB85DCE08E}.Debug|Mixed Platforms.Build.0 = Debug|Any CPU
		{608F21CF-E756-4420-BAE2-61AB85DCE08E}.Debug|x86.ActiveCfg = Debug|Any CPU
		{608F21CF-E756-4420-BAE2-61AB85DCE08E}.MONITOR|Any CPU.ActiveCfg = Release|Any CPU
		{608F21CF-E756-4420-BAE2-61AB85DCE08E}.MONITOR|Any CPU.Build.0 = Release|Any CPU
		{608F21CF-E756-4420-BAE2-61AB85DCE08E}.MONITOR|Mixed Platforms.ActiveCfg = Release|Any CPU
		{608F21CF-E756-4420-BAE2-61AB85DCE08E}.MONITOR|Mixed Platforms.Build.0 = Release|Any CPU
		{608F21CF-E756-4420-BAE2-61AB85DCE08E}.MONITOR|x86.ActiveCfg = Release|Any CPU
		{608F21CF-E756-4420-BAE2-61AB85DCE08E}.MONITORING|Any CPU.ActiveCfg = Release|Any CPU
		{608F21CF-E756-4420-BAE2-61AB85DCE08E}.MONITORING|Any CPU.Build.0 = Release|Any CPU
		{608F21CF-E756-4420-BAE2-61AB85DCE08E}.MONITORING|Mixed Platforms.ActiveCfg = Release|Any CPU
		{608F21CF-E756-4420-BAE2-61AB85DCE08E}.MONITORING|Mixed Platforms.Build.0 = Release|Any CPU
		{608F21CF-E756-4420-BAE2-61AB85DCE08E}.MONITORING|x86.ActiveCfg = Release|Any CPU
		{608F21CF-E756-4420-BAE2-61AB85DCE08E}.Release|Any CPU.ActiveCfg = Release|Any CPU
		{608F21CF-E756-4420-BAE2-61AB85DCE08E}.Release|Any CPU.Build.0 = Release|Any CPU
		{608F21CF-E756-4420-BAE2-61AB85DCE08E}.Release|Mixed Platforms.ActiveCfg = Release|Any CPU
		{608F21CF-E756-4420-BAE2-61AB85DCE08E}.Release|Mixed Platforms.Build.0 = Release|Any CPU
		{608F21CF-E756-4420-BAE2-61AB85DCE08E}.Release|x86.ActiveCfg = Release|Any CPU
	EndGlobalSection
	GlobalSection(SolutionProperties) = preSolution
		HideSolutionNode = FALSE
	EndGlobalSection
EndGlobal
