
Microsoft Visual Studio Solution File, Format Version 12.00
# Visual Studio 2013
VisualStudioVersion = 12.0.31101.0
MinimumVisualStudioVersion = 10.0.40219.1
Project("{FAE04EC0-301F-11D3-BF4B-00C04F79EFBC}") = "EscInstaller", "EscInstaller.csproj", "{0F13AB49-2595-472B-A7E0-D86A5C194553}"
EndProject
Global
	GlobalSection(SolutionConfigurationPlatforms) = preSolution
		Debug|x86 = Debug|x86
		MONITOR|x86 = MONITOR|x86
		MONITORING|x86 = MONITORING|x86
		Release|x86 = Release|x86
	EndGlobalSection
	GlobalSection(ProjectConfigurationPlatforms) = postSolution
		{0F13AB49-2595-472B-A7E0-D86A5C194553}.Debug|x86.ActiveCfg = Debug|x86
		{0F13AB49-2595-472B-A7E0-D86A5C194553}.Debug|x86.Build.0 = Debug|x86
		{0F13AB49-2595-472B-A7E0-D86A5C194553}.MONITOR|x86.ActiveCfg = MONITOR|x86
		{0F13AB49-2595-472B-A7E0-D86A5C194553}.MONITOR|x86.Build.0 = MONITOR|x86
		{0F13AB49-2595-472B-A7E0-D86A5C194553}.MONITORING|x86.ActiveCfg = MONITORING|x86
		{0F13AB49-2595-472B-A7E0-D86A5C194553}.MONITORING|x86.Build.0 = MONITORING|x86
		{0F13AB49-2595-472B-A7E0-D86A5C194553}.Release|x86.ActiveCfg = Release|x86
		{0F13AB49-2595-472B-A7E0-D86A5C194553}.Release|x86.Build.0 = Release|x86
	EndGlobalSection
	GlobalSection(SolutionProperties) = preSolution
		HideSolutionNode = FALSE
	EndGlobalSection
EndGlobal
